
Microsoft Visual Studio Solution File, Format Version 12.00
# Visual Studio Version 17
VisualStudioVersion = 17.10.34916.146
MinimumVisualStudioVersion = 10.0.40219.1
Project("{9A19103F-16F7-4668-BE54-9A1E7A4F7556}") = "NemesiAPI", "NemesiAPI\NemesiAPI.csproj", "{2F0C23FF-CDB4-4C94-9520-16FC50B851B7}"
EndProject
Project("{9A19103F-16F7-4668-BE54-9A1E7A4F7556}") = "NemesiLIB", "NemesiLIB\NemesiLIB.csproj", "{DF8F7D91-19BD-478E-94C1-42A8A7AFF4FF}"
EndProject
Project("{9A19103F-16F7-4668-BE54-9A1E7A4F7556}") = "NemesiCOMMONS", "NemesiCOMMONS\NemesiCOMMONS.csproj", "{A8D75DF1-4017-49AC-8787-6833FF427FC1}"
EndProject
Global
	GlobalSection(SolutionConfigurationPlatforms) = preSolution
		Debug|Any CPU = Debug|Any CPU
		Release|Any CPU = Release|Any CPU
	EndGlobalSection
	GlobalSection(ProjectConfigurationPlatforms) = postSolution
		{2F0C23FF-CDB4-4C94-9520-16FC50B851B7}.Debug|Any CPU.ActiveCfg = Debug|Any CPU
		{2F0C23FF-CDB4-4C94-9520-16FC50B851B7}.Debug|Any CPU.Build.0 = Debug|Any CPU
		{2F0C23FF-CDB4-4C94-9520-16FC50B851B7}.Release|Any CPU.ActiveCfg = Release|Any CPU
		{2F0C23FF-CDB4-4C94-9520-16FC50B851B7}.Release|Any CPU.Build.0 = Release|Any CPU
		{DF8F7D91-19BD-478E-94C1-42A8A7AFF4FF}.Debug|Any CPU.ActiveCfg = Debug|Any CPU
		{DF8F7D91-19BD-478E-94C1-42A8A7AFF4FF}.Debug|Any CPU.Build.0 = Debug|Any CPU
		{DF8F7D91-19BD-478E-94C1-42A8A7AFF4FF}.Release|Any CPU.ActiveCfg = Release|Any CPU
		{DF8F7D91-19BD-478E-94C1-42A8A7AFF4FF}.Release|Any CPU.Build.0 = Release|Any CPU
		{A8D75DF1-4017-49AC-8787-6833FF427FC1}.Debug|Any CPU.ActiveCfg = Debug|Any CPU
		{A8D75DF1-4017-49AC-8787-6833FF427FC1}.Debug|Any CPU.Build.0 = Debug|Any CPU
		{A8D75DF1-4017-49AC-8787-6833FF427FC1}.Release|Any CPU.ActiveCfg = Release|Any CPU
		{A8D75DF1-4017-49AC-8787-6833FF427FC1}.Release|Any CPU.Build.0 = Release|Any CPU
	EndGlobalSection
	GlobalSection(SolutionProperties) = preSolution
		HideSolutionNode = FALSE
	EndGlobalSection
	GlobalSection(ExtensibilityGlobals) = postSolution
		SolutionGuid = {DC5100E2-7059-4A6A-A0B6-2FAE75A1423A}
	EndGlobalSection
EndGlobal
